
Microsoft Visual Studio Solution File, Format Version 12.00
# Visual Studio Version 17
VisualStudioVersion = 17.4.33110.190
MinimumVisualStudioVersion = 10.0.40219.1
Project("{9A19103F-16F7-4668-BE54-9A1E7A4F7556}") = "MagicVilla_API", "MagicVilla_API\MagicVilla_API.csproj", "{C6F659C6-2E8C-49C7-89FD-397044BE022C}"
EndProject
Project("{9A19103F-16F7-4668-BE54-9A1E7A4F7556}") = "MagicVilla_Web", "MagicVilla_Web\MagicVilla_Web.csproj", "{8EDB3929-AFA9-4592-8D83-8BA55C5A1B5B}"
	ProjectSection(ProjectDependencies) = postProject
		{41F93BA2-26C6-43EC-8AEF-EA33B6AC8D59} = {41F93BA2-26C6-43EC-8AEF-EA33B6AC8D59}
	EndProjectSection
EndProject
Project("{9A19103F-16F7-4668-BE54-9A1E7A4F7556}") = "MagicVilla_Utilidad", "MagicVilla_Utilidad\MagicVilla_Utilidad.csproj", "{41F93BA2-26C6-43EC-8AEF-EA33B6AC8D59}"
EndProject
Global
	GlobalSection(SolutionConfigurationPlatforms) = preSolution
		Debug|Any CPU = Debug|Any CPU
		Release|Any CPU = Release|Any CPU
	EndGlobalSection
	GlobalSection(ProjectConfigurationPlatforms) = postSolution
		{C6F659C6-2E8C-49C7-89FD-397044BE022C}.Debug|Any CPU.ActiveCfg = Debug|Any CPU
		{C6F659C6-2E8C-49C7-89FD-397044BE022C}.Debug|Any CPU.Build.0 = Debug|Any CPU
		{C6F659C6-2E8C-49C7-89FD-397044BE022C}.Release|Any CPU.ActiveCfg = Release|Any CPU
		{C6F659C6-2E8C-49C7-89FD-397044BE022C}.Release|Any CPU.Build.0 = Release|Any CPU
		{8EDB3929-AFA9-4592-8D83-8BA55C5A1B5B}.Debug|Any CPU.ActiveCfg = Debug|Any CPU
		{8EDB3929-AFA9-4592-8D83-8BA55C5A1B5B}.Debug|Any CPU.Build.0 = Debug|Any CPU
		{8EDB3929-AFA9-4592-8D83-8BA55C5A1B5B}.Release|Any CPU.ActiveCfg = Release|Any CPU
		{8EDB3929-AFA9-4592-8D83-8BA55C5A1B5B}.Release|Any CPU.Build.0 = Release|Any CPU
		{41F93BA2-26C6-43EC-8AEF-EA33B6AC8D59}.Debug|Any CPU.ActiveCfg = Debug|Any CPU
		{41F93BA2-26C6-43EC-8AEF-EA33B6AC8D59}.Debug|Any CPU.Build.0 = Debug|Any CPU
		{41F93BA2-26C6-43EC-8AEF-EA33B6AC8D59}.Release|Any CPU.ActiveCfg = Release|Any CPU
		{41F93BA2-26C6-43EC-8AEF-EA33B6AC8D59}.Release|Any CPU.Build.0 = Release|Any CPU
	EndGlobalSection
	GlobalSection(SolutionProperties) = preSolution
		HideSolutionNode = FALSE
	EndGlobalSection
	GlobalSection(ExtensibilityGlobals) = postSolution
		SolutionGuid = {497B1A76-B23F-4CC8-814F-973CE4BF79DD}
	EndGlobalSection
EndGlobal
